
Microsoft Visual Studio Solution File, Format Version 12.00
# Visual Studio Version 16
VisualStudioVersion = 16.0.31205.134
MinimumVisualStudioVersion = 10.0.40219.1
Project("{FAE04EC0-301F-11D3-BF4B-00C04F79EFBC}") = "PyroDB", "PyroDB\PyroDB.csproj", "{70614B27-775A-4C74-9B31-4584729DAE2B}"
EndProject
Global
	GlobalSection(SolutionConfigurationPlatforms) = preSolution
		Debug|Any CPU = Debug|Any CPU
		Release|Any CPU = Release|Any CPU
	EndGlobalSection
	GlobalSection(ProjectConfigurationPlatforms) = postSolution
		{70614B27-775A-4C74-9B31-4584729DAE2B}.Debug|Any CPU.ActiveCfg = Debug|Any CPU
		{70614B27-775A-4C74-9B31-4584729DAE2B}.Debug|Any CPU.Build.0 = Debug|Any CPU
		{70614B27-775A-4C74-9B31-4584729DAE2B}.Release|Any CPU.ActiveCfg = Release|Any CPU
		{70614B27-775A-4C74-9B31-4584729DAE2B}.Release|Any CPU.Build.0 = Release|Any CPU
	EndGlobalSection
	GlobalSection(SolutionProperties) = preSolution
		HideSolutionNode = FALSE
	EndGlobalSection
	GlobalSection(ExtensibilityGlobals) = postSolution
		SolutionGuid = {5CF4570D-D922-4393-AA1E-F40B54344848}
	EndGlobalSection
EndGlobal
